
Microsoft Visual Studio Solution File, Format Version 12.00
# Visual Studio 15
VisualStudioVersion = 15.0.28307.271
MinimumVisualStudioVersion = 10.0.40219.1
Project("{FAE04EC0-301F-11D3-BF4B-00C04F79EFBC}") = "BlazorPlay.Server", "BlazorPlay.Server\BlazorPlay.Server.csproj", "{4C317CCF-3422-4893-ACCD-1BBDA42A41AD}"
EndProject
Project("{FAE04EC0-301F-11D3-BF4B-00C04F79EFBC}") = "BlazorPlay.App", "BlazorPlay.App\BlazorPlay.App.csproj", "{64CC2A26-F06E-4F97-8F20-A067A250F440}"
EndProject
Global
	GlobalSection(SolutionConfigurationPlatforms) = preSolution
		Debug|Any CPU = Debug|Any CPU
		Release|Any CPU = Release|Any CPU
	EndGlobalSection
	GlobalSection(ProjectConfigurationPlatforms) = postSolution
		{4C317CCF-3422-4893-ACCD-1BBDA42A41AD}.Debug|Any CPU.ActiveCfg = Debug|Any CPU
		{4C317CCF-3422-4893-ACCD-1BBDA42A41AD}.Debug|Any CPU.Build.0 = Debug|Any CPU
		{4C317CCF-3422-4893-ACCD-1BBDA42A41AD}.Release|Any CPU.ActiveCfg = Release|Any CPU
		{4C317CCF-3422-4893-ACCD-1BBDA42A41AD}.Release|Any CPU.Build.0 = Release|Any CPU
		{64CC2A26-F06E-4F97-8F20-A067A250F440}.Debug|Any CPU.ActiveCfg = Debug|Any CPU
		{64CC2A26-F06E-4F97-8F20-A067A250F440}.Debug|Any CPU.Build.0 = Debug|Any CPU
		{64CC2A26-F06E-4F97-8F20-A067A250F440}.Release|Any CPU.ActiveCfg = Release|Any CPU
		{64CC2A26-F06E-4F97-8F20-A067A250F440}.Release|Any CPU.Build.0 = Release|Any CPU
	EndGlobalSection
	GlobalSection(SolutionProperties) = preSolution
		HideSolutionNode = FALSE
	EndGlobalSection
	GlobalSection(ExtensibilityGlobals) = postSolution
		SolutionGuid = {F9EF7654-42C7-4862-BADD-13DBFCBC88FB}
	EndGlobalSection
EndGlobal
